
Microsoft Visual Studio Solution File, Format Version 12.00
# Visual Studio 15
VisualStudioVersion = 15.0.28307.168
MinimumVisualStudioVersion = 10.0.40219.1
Project("{2150E333-8FDC-42A3-9474-1A3956D46DE8}") = "Operation", "Operation", "{91DD2017-ED8F-477C-9E26-29E07B156C32}"
EndProject
Project("{FAE04EC0-301F-11D3-BF4B-00C04F79EFBC}") = "checkedSamples", "Operation\checkedSamples\checkedSamples.csproj", "{9F01C13C-1E14-42E0-BC6B-26C7C898A2D8}"
EndProject
Project("{FAE04EC0-301F-11D3-BF4B-00C04F79EFBC}") = "newSamples", "Operation\newSamples\newSamples.csproj", "{9DF6A161-8D78-4234-BEEF-8B60E31A9BDC}"
EndProject
Project("{FAE04EC0-301F-11D3-BF4B-00C04F79EFBC}") = "sizeofSamples", "Operation\sizeofSamples\sizeofSamples.csproj", "{E51A7CAD-2FE9-4AE2-894B-B5715E8A2054}"
EndProject
Project("{FAE04EC0-301F-11D3-BF4B-00C04F79EFBC}") = "TypeConversion", "Operation\TypeConversion\TypeConversion.csproj", "{21BEA8C9-B76B-43ED-AB7E-7408E94B3B69}"
EndProject
Project("{FAE04EC0-301F-11D3-BF4B-00C04F79EFBC}") = "NullSamples", "Operation\NullSamples\NullSamples.csproj", "{5F35AEA9-94E7-41A1-8360-A6AFF7F2C668}"
EndProject
Project("{2150E333-8FDC-42A3-9474-1A3956D46DE8}") = "Expression", "Expression", "{549AECFB-F1E0-4F7D-BF98-256ABDD245BE}"
EndProject
Project("{FAE04EC0-301F-11D3-BF4B-00C04F79EFBC}") = "ExpressionSamples", "Expression\ExpressionSamples\ExpressionSamples.csproj", "{66765BA8-F75B-46DD-B965-8B113B91A928}"
EndProject
Project("{FAE04EC0-301F-11D3-BF4B-00C04F79EFBC}") = "ParametersExamples", "Parameters\ParametersExamples\ParametersExamples.csproj", "{BC465797-0C45-4B3F-A477-B8CF0CDA8CC5}"
EndProject
Project("{2150E333-8FDC-42A3-9474-1A3956D46DE8}") = "Parameter", "Parameter", "{94A28737-B816-4800-9CFA-3D4A3E9C280E}"
EndProject
Project("{FAE04EC0-301F-11D3-BF4B-00C04F79EFBC}") = "delegateSamples", "delegateSamples\delegateSamples.csproj", "{F607C0CC-8252-4DFC-B19C-EDAADA4638E3}"
EndProject
Project("{FAE04EC0-301F-11D3-BF4B-00C04F79EFBC}") = "delegateApplication", "delegateApplication\delegateApplication.csproj", "{6D3F4E6C-F8BB-461F-A7C9-858994F5E600}"
EndProject
Project("{FAE04EC0-301F-11D3-BF4B-00C04F79EFBC}") = "EventSamples", "EventSamples\EventSamples.csproj", "{AC8DBAEF-87B9-4FC8-9128-6ED950EAFB10}"
EndProject
Project("{FAE04EC0-301F-11D3-BF4B-00C04F79EFBC}") = "EventSamples1", "EventSamples1\EventSamples1.csproj", "{7F910C13-8635-4BCF-9C68-99C9D8BB9576}"
EndProject
Project("{FAE04EC0-301F-11D3-BF4B-00C04F79EFBC}") = "EventDeclare", "EventDeclare\EventDeclare.csproj", "{3D507264-1E3D-4E34-9A41-110F8072E458}"
EndProject
Project("{FAE04EC0-301F-11D3-BF4B-00C04F79EFBC}") = "delegateSamples1", "LINQSamples\delegateSamples1.csproj", "{27A0970C-2F33-40C3-84CD-834AB2F50BC0}"
EndProject
Project("{FAE04EC0-301F-11D3-BF4B-00C04F79EFBC}") = "LambdaSamples", "LambdaSamples\LambdaSamples.csproj", "{769EF486-541F-4CC1-83DC-22BC16824963}"
EndProject
Project("{FAE04EC0-301F-11D3-BF4B-00C04F79EFBC}") = "Abstract", "InterfaceAndAbstract\Abstract.csproj", "{5F8CE6FB-269D-41C6-AC67-4DAFBA973756}"
EndProject
Project("{FAE04EC0-301F-11D3-BF4B-00C04F79EFBC}") = "Interface", "Interface\Interface.csproj", "{84DD7CB6-D03E-4C23-B609-99B4D28B5F23}"
EndProject
Global
	GlobalSection(SolutionConfigurationPlatforms) = preSolution
		Debug|Any CPU = Debug|Any CPU
		Release|Any CPU = Release|Any CPU
	EndGlobalSection
	GlobalSection(ProjectConfigurationPlatforms) = postSolution
		{9F01C13C-1E14-42E0-BC6B-26C7C898A2D8}.Debug|Any CPU.ActiveCfg = Debug|Any CPU
		{9F01C13C-1E14-42E0-BC6B-26C7C898A2D8}.Debug|Any CPU.Build.0 = Debug|Any CPU
		{9F01C13C-1E14-42E0-BC6B-26C7C898A2D8}.Release|Any CPU.ActiveCfg = Release|Any CPU
		{9F01C13C-1E14-42E0-BC6B-26C7C898A2D8}.Release|Any CPU.Build.0 = Release|Any CPU
		{9DF6A161-8D78-4234-BEEF-8B60E31A9BDC}.Debug|Any CPU.ActiveCfg = Debug|Any CPU
		{9DF6A161-8D78-4234-BEEF-8B60E31A9BDC}.Debug|Any CPU.Build.0 = Debug|Any CPU
		{9DF6A161-8D78-4234-BEEF-8B60E31A9BDC}.Release|Any CPU.ActiveCfg = Release|Any CPU
		{9DF6A161-8D78-4234-BEEF-8B60E31A9BDC}.Release|Any CPU.Build.0 = Release|Any CPU
		{E51A7CAD-2FE9-4AE2-894B-B5715E8A2054}.Debug|Any CPU.ActiveCfg = Debug|Any CPU
		{E51A7CAD-2FE9-4AE2-894B-B5715E8A2054}.Debug|Any CPU.Build.0 = Debug|Any CPU
		{E51A7CAD-2FE9-4AE2-894B-B5715E8A2054}.Release|Any CPU.ActiveCfg = Release|Any CPU
		{E51A7CAD-2FE9-4AE2-894B-B5715E8A2054}.Release|Any CPU.Build.0 = Release|Any CPU
		{21BEA8C9-B76B-43ED-AB7E-7408E94B3B69}.Debug|Any CPU.ActiveCfg = Debug|Any CPU
		{21BEA8C9-B76B-43ED-AB7E-7408E94B3B69}.Debug|Any CPU.Build.0 = Debug|Any CPU
		{21BEA8C9-B76B-43ED-AB7E-7408E94B3B69}.Release|Any CPU.ActiveCfg = Release|Any CPU
		{21BEA8C9-B76B-43ED-AB7E-7408E94B3B69}.Release|Any CPU.Build.0 = Release|Any CPU
		{5F35AEA9-94E7-41A1-8360-A6AFF7F2C668}.Debug|Any CPU.ActiveCfg = Debug|Any CPU
		{5F35AEA9-94E7-41A1-8360-A6AFF7F2C668}.Debug|Any CPU.Build.0 = Debug|Any CPU
		{5F35AEA9-94E7-41A1-8360-A6AFF7F2C668}.Release|Any CPU.ActiveCfg = Release|Any CPU
		{5F35AEA9-94E7-41A1-8360-A6AFF7F2C668}.Release|Any CPU.Build.0 = Release|Any CPU
		{66765BA8-F75B-46DD-B965-8B113B91A928}.Debug|Any CPU.ActiveCfg = Debug|Any CPU
		{66765BA8-F75B-46DD-B965-8B113B91A928}.Debug|Any CPU.Build.0 = Debug|Any CPU
		{66765BA8-F75B-46DD-B965-8B113B91A928}.Release|Any CPU.ActiveCfg = Release|Any CPU
		{66765BA8-F75B-46DD-B965-8B113B91A928}.Release|Any CPU.Build.0 = Release|Any CPU
		{BC465797-0C45-4B3F-A477-B8CF0CDA8CC5}.Debug|Any CPU.ActiveCfg = Debug|Any CPU
		{BC465797-0C45-4B3F-A477-B8CF0CDA8CC5}.Debug|Any CPU.Build.0 = Debug|Any CPU
		{BC465797-0C45-4B3F-A477-B8CF0CDA8CC5}.Release|Any CPU.ActiveCfg = Release|Any CPU
		{BC465797-0C45-4B3F-A477-B8CF0CDA8CC5}.Release|Any CPU.Build.0 = Release|Any CPU
		{F607C0CC-8252-4DFC-B19C-EDAADA4638E3}.Debug|Any CPU.ActiveCfg = Debug|Any CPU
		{F607C0CC-8252-4DFC-B19C-EDAADA4638E3}.Debug|Any CPU.Build.0 = Debug|Any CPU
		{F607C0CC-8252-4DFC-B19C-EDAADA4638E3}.Release|Any CPU.ActiveCfg = Release|Any CPU
		{F607C0CC-8252-4DFC-B19C-EDAADA4638E3}.Release|Any CPU.Build.0 = Release|Any CPU
		{6D3F4E6C-F8BB-461F-A7C9-858994F5E600}.Debug|Any CPU.ActiveCfg = Debug|Any CPU
		{6D3F4E6C-F8BB-461F-A7C9-858994F5E600}.Debug|Any CPU.Build.0 = Debug|Any CPU
		{6D3F4E6C-F8BB-461F-A7C9-858994F5E600}.Release|Any CPU.ActiveCfg = Release|Any CPU
		{6D3F4E6C-F8BB-461F-A7C9-858994F5E600}.Release|Any CPU.Build.0 = Release|Any CPU
		{AC8DBAEF-87B9-4FC8-9128-6ED950EAFB10}.Debug|Any CPU.ActiveCfg = Debug|Any CPU
		{AC8DBAEF-87B9-4FC8-9128-6ED950EAFB10}.Debug|Any CPU.Build.0 = Debug|Any CPU
		{AC8DBAEF-87B9-4FC8-9128-6ED950EAFB10}.Release|Any CPU.ActiveCfg = Release|Any CPU
		{AC8DBAEF-87B9-4FC8-9128-6ED950EAFB10}.Release|Any CPU.Build.0 = Release|Any CPU
		{7F910C13-8635-4BCF-9C68-99C9D8BB9576}.Debug|Any CPU.ActiveCfg = Debug|Any CPU
		{7F910C13-8635-4BCF-9C68-99C9D8BB9576}.Debug|Any CPU.Build.0 = Debug|Any CPU
		{7F910C13-8635-4BCF-9C68-99C9D8BB9576}.Release|Any CPU.ActiveCfg = Release|Any CPU
		{7F910C13-8635-4BCF-9C68-99C9D8BB9576}.Release|Any CPU.Build.0 = Release|Any CPU
		{3D507264-1E3D-4E34-9A41-110F8072E458}.Debug|Any CPU.ActiveCfg = Debug|Any CPU
		{3D507264-1E3D-4E34-9A41-110F8072E458}.Debug|Any CPU.Build.0 = Debug|Any CPU
		{3D507264-1E3D-4E34-9A41-110F8072E458}.Release|Any CPU.ActiveCfg = Release|Any CPU
		{3D507264-1E3D-4E34-9A41-110F8072E458}.Release|Any CPU.Build.0 = Release|Any CPU
		{27A0970C-2F33-40C3-84CD-834AB2F50BC0}.Debug|Any CPU.ActiveCfg = Debug|Any CPU
		{27A0970C-2F33-40C3-84CD-834AB2F50BC0}.Debug|Any CPU.Build.0 = Debug|Any CPU
		{27A0970C-2F33-40C3-84CD-834AB2F50BC0}.Release|Any CPU.ActiveCfg = Release|Any CPU
		{27A0970C-2F33-40C3-84CD-834AB2F50BC0}.Release|Any CPU.Build.0 = Release|Any CPU
		{769EF486-541F-4CC1-83DC-22BC16824963}.Debug|Any CPU.ActiveCfg = Debug|Any CPU
		{769EF486-541F-4CC1-83DC-22BC16824963}.Debug|Any CPU.Build.0 = Debug|Any CPU
		{769EF486-541F-4CC1-83DC-22BC16824963}.Release|Any CPU.ActiveCfg = Release|Any CPU
		{769EF486-541F-4CC1-83DC-22BC16824963}.Release|Any CPU.Build.0 = Release|Any CPU
		{5F8CE6FB-269D-41C6-AC67-4DAFBA973756}.Debug|Any CPU.ActiveCfg = Debug|Any CPU
		{5F8CE6FB-269D-41C6-AC67-4DAFBA973756}.Debug|Any CPU.Build.0 = Debug|Any CPU
		{5F8CE6FB-269D-41C6-AC67-4DAFBA973756}.Release|Any CPU.ActiveCfg = Release|Any CPU
		{5F8CE6FB-269D-41C6-AC67-4DAFBA973756}.Release|Any CPU.Build.0 = Release|Any CPU
		{84DD7CB6-D03E-4C23-B609-99B4D28B5F23}.Debug|Any CPU.ActiveCfg = Debug|Any CPU
		{84DD7CB6-D03E-4C23-B609-99B4D28B5F23}.Debug|Any CPU.Build.0 = Debug|Any CPU
		{84DD7CB6-D03E-4C23-B609-99B4D28B5F23}.Release|Any CPU.ActiveCfg = Release|Any CPU
		{84DD7CB6-D03E-4C23-B609-99B4D28B5F23}.Release|Any CPU.Build.0 = Release|Any CPU
	EndGlobalSection
	GlobalSection(SolutionProperties) = preSolution
		HideSolutionNode = FALSE
	EndGlobalSection
	GlobalSection(NestedProjects) = preSolution
		{9F01C13C-1E14-42E0-BC6B-26C7C898A2D8} = {91DD2017-ED8F-477C-9E26-29E07B156C32}
		{9DF6A161-8D78-4234-BEEF-8B60E31A9BDC} = {91DD2017-ED8F-477C-9E26-29E07B156C32}
		{E51A7CAD-2FE9-4AE2-894B-B5715E8A2054} = {91DD2017-ED8F-477C-9E26-29E07B156C32}
		{21BEA8C9-B76B-43ED-AB7E-7408E94B3B69} = {91DD2017-ED8F-477C-9E26-29E07B156C32}
		{5F35AEA9-94E7-41A1-8360-A6AFF7F2C668} = {91DD2017-ED8F-477C-9E26-29E07B156C32}
		{66765BA8-F75B-46DD-B965-8B113B91A928} = {549AECFB-F1E0-4F7D-BF98-256ABDD245BE}
		{BC465797-0C45-4B3F-A477-B8CF0CDA8CC5} = {94A28737-B816-4800-9CFA-3D4A3E9C280E}
	EndGlobalSection
	GlobalSection(ExtensibilityGlobals) = postSolution
		SolutionGuid = {164064F1-ABC7-4F9D-B3F6-08ACC3E67A39}
	EndGlobalSection
EndGlobal
